// !$*UTF8*$!
{
	archiveVersion = 1;
	classes = {
	};
	objectVersion = 46;
	objects = {

/* Begin PBXBuildFile section */
		BD7AC0291714E3FE00525971 /* UIKit.framework in Frameworks */ = {isa = PBXBuildFile; fileRef = BD7AC0281714E3FE00525971 /* UIKit.framework */; };
		BD7AC02B1714E3FE00525971 /* Foundation.framework in Frameworks */ = {isa = PBXBuildFile; fileRef = BD7AC02A1714E3FE00525971 /* Foundation.framework */; };
		BD7AC02D1714E3FE00525971 /* CoreGraphics.framework in Frameworks */ = {isa = PBXBuildFile; fileRef = BD7AC02C1714E3FE00525971 /* CoreGraphics.framework */; };
		BD7AC0331714E3FE00525971 /* InfoPlist.strings in Resources */ = {isa = PBXBuildFile; fileRef = BD7AC0311714E3FE00525971 /* InfoPlist.strings */; };
		BD7AC0351714E3FE00525971 /* main.m in Sources */ = {isa = PBXBuildFile; fileRef = BD7AC0341714E3FE00525971 /* main.m */; };
		BD7AC0391714E3FE00525971 /* TPAppDelegate.m in Sources */ = {isa = PBXBuildFile; fileRef = BD7AC0381714E3FE00525971 /* TPAppDelegate.m */; };
		BD7AC03B1714E3FE00525971 /* Default.png in Resources */ = {isa = PBXBuildFile; fileRef = BD7AC03A1714E3FE00525971 /* Default.png */; };
		BD7AC03D1714E3FE00525971 /* Default@2x.png in Resources */ = {isa = PBXBuildFile; fileRef = BD7AC03C1714E3FE00525971 /* Default@2x.png */; };
		BD7AC03F1714E3FE00525971 /* Default-568h@2x.png in Resources */ = {isa = PBXBuildFile; fileRef = BD7AC03E1714E3FE00525971 /* Default-568h@2x.png */; };
		BD7AC0421714E3FE00525971 /* MainStoryboard.storyboard in Resources */ = {isa = PBXBuildFile; fileRef = BD7AC0401714E3FE00525971 /* MainStoryboard.storyboard */; };
		BD7AC0451714E3FE00525971 /* TPTopViewController.m in Sources */ = {isa = PBXBuildFile; fileRef = BD7AC0441714E3FE00525971 /* TPTopViewController.m */; };
		BD7FEEF7171649CD003478B4 /* FlickrFetcher.m in Sources */ = {isa = PBXBuildFile; fileRef = BD7FEEF6171649CD003478B4 /* FlickrFetcher.m */; };
/* End PBXBuildFile section */

/* Begin PBXFileReference section */
		BD7AC0251714E3FE00525971 /* TopPlaces.app */ = {isa = PBXFileReference; explicitFileType = wrapper.application; includeInIndex = 0; path = TopPlaces.app; sourceTree = BUILT_PRODUCTS_DIR; };
		BD7AC0281714E3FE00525971 /* UIKit.framework */ = {isa = PBXFileReference; lastKnownFileType = wrapper.framework; name = UIKit.framework; path = System/Library/Frameworks/UIKit.framework; sourceTree = SDKROOT; };
		BD7AC02A1714E3FE00525971 /* Foundation.framework */ = {isa = PBXFileReference; lastKnownFileType = wrapper.framework; name = Foundation.framework; path = System/Library/Frameworks/Foundation.framework; sourceTree = SDKROOT; };
		BD7AC02C1714E3FE00525971 /* CoreGraphics.framework */ = {isa = PBXFileReference; lastKnownFileType = wrapper.framework; name = CoreGraphics.framework; path = System/Library/Frameworks/CoreGraphics.framework; sourceTree = SDKROOT; };
		BD7AC0301714E3FE00525971 /* TopPlaces-Info.plist */ = {isa = PBXFileReference; lastKnownFileType = text.plist.xml; path = "TopPlaces-Info.plist"; sourceTree = "<group>"; };
		BD7AC0321714E3FE00525971 /* en */ = {isa = PBXFileReference; lastKnownFileType = text.plist.strings; name = en; path = en.lproj/InfoPlist.strings; sourceTree = "<group>"; };
		BD7AC0341714E3FE00525971 /* main.m */ = {isa = PBXFileReference; lastKnownFileType = sourcecode.c.objc; path = main.m; sourceTree = "<group>"; };
		BD7AC0361714E3FE00525971 /* TopPlaces-Prefix.pch */ = {isa = PBXFileReference; lastKnownFileType = sourcecode.c.h; path = "TopPlaces-Prefix.pch"; sourceTree = "<group>"; };
		BD7AC0371714E3FE00525971 /* TPAppDelegate.h */ = {isa = PBXFileReference; lastKnownFileType = sourcecode.c.h; path = TPAppDelegate.h; sourceTree = "<group>"; };
		BD7AC0381714E3FE00525971 /* TPAppDelegate.m */ = {isa = PBXFileReference; lastKnownFileType = sourcecode.c.objc; path = TPAppDelegate.m; sourceTree = "<group>"; };
		BD7AC03A1714E3FE00525971 /* Default.png */ = {isa = PBXFileReference; lastKnownFileType = image.png; path = Default.png; sourceTree = "<group>"; };
		BD7AC03C1714E3FE00525971 /* Default@2x.png */ = {isa = PBXFileReference; lastKnownFileType = image.png; path = "Default@2x.png"; sourceTree = "<group>"; };
		BD7AC03E1714E3FE00525971 /* Default-568h@2x.png */ = {isa = PBXFileReference; lastKnownFileType = image.png; path = "Default-568h@2x.png"; sourceTree = "<group>"; };
		BD7AC0411714E3FE00525971 /* en */ = {isa = PBXFileReference; lastKnownFileType = file.storyboard; name = en; path = en.lproj/MainStoryboard.storyboard; sourceTree = "<group>"; };
		BD7AC0431714E3FE00525971 /* TPTopViewController.h */ = {isa = PBXFileReference; lastKnownFileType = sourcecode.c.h; path = TPTopViewController.h; sourceTree = "<group>"; };
		BD7AC0441714E3FE00525971 /* TPTopViewController.m */ = {isa = PBXFileReference; lastKnownFileType = sourcecode.c.objc; path = TPTopViewController.m; sourceTree = "<group>"; };
		BD7FEEF4171649CD003478B4 /* FlickrAPIKey.h */ = {isa = PBXFileReference; fileEncoding = 4; lastKnownFileType = sourcecode.c.h; path = FlickrAPIKey.h; sourceTree = "<group>"; };
		BD7FEEF5171649CD003478B4 /* FlickrFetcher.h */ = {isa = PBXFileReference; fileEncoding = 4; lastKnownFileType = sourcecode.c.h; path = FlickrFetcher.h; sourceTree = "<group>"; };
		BD7FEEF6171649CD003478B4 /* FlickrFetcher.m */ = {isa = PBXFileReference; fileEncoding = 4; lastKnownFileType = sourcecode.c.objc; path = FlickrFetcher.m; sourceTree = "<group>"; };
/* End PBXFileReference section */

/* Begin PBXFrameworksBuildPhase section */
		BD7AC0221714E3FE00525971 /* Frameworks */ = {
			isa = PBXFrameworksBuildPhase;
			buildActionMask = 2147483647;
			files = (
				BD7AC0291714E3FE00525971 /* UIKit.framework in Frameworks */,
				BD7AC02B1714E3FE00525971 /* Foundation.framework in Frameworks */,
				BD7AC02D1714E3FE00525971 /* CoreGraphics.framework in Frameworks */,
			);
			runOnlyForDeploymentPostprocessing = 0;
		};
/* End PBXFrameworksBuildPhase section */

/* Begin PBXGroup section */
		BD7AC01C1714E3FE00525971 = {
			isa = PBXGroup;
			children = (
				BD7FEEF3171649CD003478B4 /* FlickrFetcher */,
				BD7AC02E1714E3FE00525971 /* TopPlaces */,
				BD7AC0271714E3FE00525971 /* Frameworks */,
				BD7AC0261714E3FE00525971 /* Products */,
			);
			sourceTree = "<group>";
		};
		BD7AC0261714E3FE00525971 /* Products */ = {
			isa = PBXGroup;
			children = (
				BD7AC0251714E3FE00525971 /* TopPlaces.app */,
			);
			name = Products;
			sourceTree = "<group>";
		};
		BD7AC0271714E3FE00525971 /* Frameworks */ = {
			isa = PBXGroup;
			children = (
				BD7AC0281714E3FE00525971 /* UIKit.framework */,
				BD7AC02A1714E3FE00525971 /* Foundation.framework */,
				BD7AC02C1714E3FE00525971 /* CoreGraphics.framework */,
			);
			name = Frameworks;
			sourceTree = "<group>";
		};
		BD7AC02E1714E3FE00525971 /* TopPlaces */ = {
			isa = PBXGroup;
			children = (
				BD7AC0371714E3FE00525971 /* TPAppDelegate.h */,
				BD7AC0381714E3FE00525971 /* TPAppDelegate.m */,
				BD7AC0401714E3FE00525971 /* MainStoryboard.storyboard */,
				BD7AC0431714E3FE00525971 /* TPTopViewController.h */,
				BD7AC0441714E3FE00525971 /* TPTopViewController.m */,
				BD7AC02F1714E3FE00525971 /* Supporting Files */,
			);
			path = TopPlaces;
			sourceTree = "<group>";
		};
		BD7AC02F1714E3FE00525971 /* Supporting Files */ = {
			isa = PBXGroup;
			children = (
				BD7AC0301714E3FE00525971 /* TopPlaces-Info.plist */,
				BD7AC0311714E3FE00525971 /* InfoPlist.strings */,
				BD7AC0341714E3FE00525971 /* main.m */,
				BD7AC0361714E3FE00525971 /* TopPlaces-Prefix.pch */,
				BD7AC03A1714E3FE00525971 /* Default.png */,
				BD7AC03C1714E3FE00525971 /* Default@2x.png */,
				BD7AC03E1714E3FE00525971 /* Default-568h@2x.png */,
			);
			name = "Supporting Files";
			sourceTree = "<group>";
		};
		BD7FEEF3171649CD003478B4 /* FlickrFetcher */ = {
			isa = PBXGroup;
			children = (
				BD7FEEF4171649CD003478B4 /* FlickrAPIKey.h */,
				BD7FEEF5171649CD003478B4 /* FlickrFetcher.h */,
				BD7FEEF6171649CD003478B4 /* FlickrFetcher.m */,
			);
			path = FlickrFetcher;
			sourceTree = "<group>";
		};
/* End PBXGroup section */

/* Begin PBXNativeTarget section */
		BD7AC0241714E3FE00525971 /* TopPlaces */ = {
			isa = PBXNativeTarget;
			buildConfigurationList = BD7AC0481714E3FE00525971 /* Build configuration list for PBXNativeTarget "TopPlaces" */;
			buildPhases = (
				BD7AC0211714E3FE00525971 /* Sources */,
				BD7AC0221714E3FE00525971 /* Frameworks */,
				BD7AC0231714E3FE00525971 /* Resources */,
			);
			buildRules = (
			);
			dependencies = (
			);
			name = TopPlaces;
			productName = TopPlaces;
			productReference = BD7AC0251714E3FE00525971 /* TopPlaces.app */;
			productType = "com.apple.product-type.application";
		};
/* End PBXNativeTarget section */

/* Begin PBXProject section */
		BD7AC01D1714E3FE00525971 /* Project object */ = {
			isa = PBXProject;
			attributes = {
				CLASSPREFIX = TP;
				LastUpgradeCheck = 0460;
				ORGANIZATIONNAME = "Kenneth Bambridge";
			};
			buildConfigurationList = BD7AC0201714E3FE00525971 /* Build configuration list for PBXProject "TopPlaces" */;
			compatibilityVersion = "Xcode 3.2";
			developmentRegion = English;
			hasScannedForEncodings = 0;
			knownRegions = (
				en,
			);
			mainGroup = BD7AC01C1714E3FE00525971;
			productRefGroup = BD7AC0261714E3FE00525971 /* Products */;
			projectDirPath = "";
			projectRoot = "";
			targets = (
				BD7AC0241714E3FE00525971 /* TopPlaces */,
			);
		};
/* End PBXProject section */

/* Begin PBXResourcesBuildPhase section */
		BD7AC0231714E3FE00525971 /* Resources */ = {
			isa = PBXResourcesBuildPhase;
			buildActionMask = 2147483647;
			files = (
				BD7AC0331714E3FE00525971 /* InfoPlist.strings in Resources */,
				BD7AC03B1714E3FE00525971 /* Default.png in Resources */,
				BD7AC03D1714E3FE00525971 /* Default@2x.png in Resources */,
				BD7AC03F1714E3FE00525971 /* Default-568h@2x.png in Resources */,
				BD7AC0421714E3FE00525971 /* MainStoryboard.storyboard in Resources */,
			);
			runOnlyForDeploymentPostprocessing = 0;
		};
/* End PBXResourcesBuildPhase section */

/* Begin PBXSourcesBuildPhase section */
		BD7AC0211714E3FE00525971 /* Sources */ = {
			isa = PBXSourcesBuildPhase;
			buildActionMask = 2147483647;
			files = (
				BD7AC0351714E3FE00525971 /* main.m in Sources */,
				BD7AC0391714E3FE00525971 /* TPAppDelegate.m in Sources */,
				BD7AC0451714E3FE00525971 /* TPTopViewController.m in Sources */,
				BD7FEEF7171649CD003478B4 /* FlickrFetcher.m in Sources */,
			);
			runOnlyForDeploymentPostprocessing = 0;
		};
/* End PBXSourcesBuildPhase section */

/* Begin PBXVariantGroup section */
		BD7AC0311714E3FE00525971 /* InfoPlist.strings */ = {
			isa = PBXVariantGroup;
			children = (
				BD7AC0321714E3FE00525971 /* en */,
			);
			name = InfoPlist.strings;
			sourceTree = "<group>";
		};
		BD7AC0401714E3FE00525971 /* MainStoryboard.storyboard */ = {
			isa = PBXVariantGroup;
			children = (
				BD7AC0411714E3FE00525971 /* en */,
			);
			name = MainStoryboard.storyboard;
			sourceTree = "<group>";
		};
/* End PBXVariantGroup section */

/* Begin XCBuildConfiguration section */
		BD7AC0461714E3FE00525971 /* Debug */ = {
			isa = XCBuildConfiguration;
			buildSettings = {
				ALWAYS_SEARCH_USER_PATHS = NO;
				CLANG_CXX_LANGUAGE_STANDARD = "gnu++0x";
				CLANG_CXX_LIBRARY = "libc++";
				CLANG_ENABLE_OBJC_ARC = YES;
				CLANG_WARN_CONSTANT_CONVERSION = YES;
				CLANG_WARN_EMPTY_BODY = YES;
				CLANG_WARN_ENUM_CONVERSION = YES;
				CLANG_WARN_INT_CONVERSION = YES;
				CLANG_WARN__DUPLICATE_METHOD_MATCH = YES;
				"CODE_SIGN_IDENTITY[sdk=iphoneos*]" = "iPhone Developer";
				COPY_PHASE_STRIP = NO;
				GCC_C_LANGUAGE_STANDARD = gnu99;
				GCC_DYNAMIC_NO_PIC = NO;
				GCC_OPTIMIZATION_LEVEL = 0;
				GCC_PREPROCESSOR_DEFINITIONS = (
					"DEBUG=1",
					"$(inherited)",
				);
				GCC_SYMBOLS_PRIVATE_EXTERN = NO;
				GCC_WARN_ABOUT_RETURN_TYPE = YES;
				GCC_WARN_UNINITIALIZED_AUTOS = YES;
				GCC_WARN_UNUSED_VARIABLE = YES;
				IPHONEOS_DEPLOYMENT_TARGET = 6.1;
				ONLY_ACTIVE_ARCH = YES;
				SDKROOT = iphoneos;
			};
			name = Debug;
		};
		BD7AC0471714E3FE00525971 /* Release */ = {
			isa = XCBuildConfiguration;
			buildSettings = {
				ALWAYS_SEARCH_USER_PATHS = NO;
				CLANG_CXX_LANGUAGE_STANDARD = "gnu++0x";
				CLANG_CXX_LIBRARY = "libc++";
				CLANG_ENABLE_OBJC_ARC = YES;
				CLANG_WARN_CONSTANT_CONVERSION = YES;
				CLANG_WARN_EMPTY_BODY = YES;
				CLANG_WARN_ENUM_CONVERSION = YES;
				CLANG_WARN_INT_CONVERSION = YES;
				CLANG_WARN__DUPLICATE_METHOD_MATCH = YES;
				"CODE_SIGN_IDENTITY[sdk=iphoneos*]" = "iPhone Developer";
				COPY_PHASE_STRIP = YES;
				GCC_C_LANGUAGE_STANDARD = gnu99;
				GCC_WARN_ABOUT_RETURN_TYPE = YES;
				GCC_WARN_UNINITIALIZED_AUTOS = YES;
				GCC_WARN_UNUSED_VARIABLE = YES;
				IPHONEOS_DEPLOYMENT_TARGET = 6.1;
				OTHER_CFLAGS = "-DNS_BLOCK_ASSERTIONS=1";
				SDKROOT = iphoneos;
				VALIDATE_PRODUCT = YES;
			};
			name = Release;
		};
		BD7AC0491714E3FE00525971 /* Debug */ = {
			isa = XCBuildConfiguration;
			buildSettings = {
				GCC_PRECOMPILE_PREFIX_HEADER = YES;
				GCC_PREFIX_HEADER = "TopPlaces/TopPlaces-Prefix.pch";
				INFOPLIST_FILE = "TopPlaces/TopPlaces-Info.plist";
				PRODUCT_NAME = "$(TARGET_NAME)";
				WRAPPER_EXTENSION = app;
			};
			name = Debug;
		};
		BD7AC04A1714E3FE00525971 /* Release */ = {
			isa = XCBuildConfiguration;
			buildSettings = {
				GCC_PRECOMPILE_PREFIX_HEADER = YES;
				GCC_PREFIX_HEADER = "TopPlaces/TopPlaces-Prefix.pch";
				INFOPLIST_FILE = "TopPlaces/TopPlaces-Info.plist";
				PRODUCT_NAME = "$(TARGET_NAME)";
				WRAPPER_EXTENSION = app;
			};
			name = Release;
		};
/* End XCBuildConfiguration section */

/* Begin XCConfigurationList section */
		BD7AC0201714E3FE00525971 /* Build configuration list for PBXProject "TopPlaces" */ = {
			isa = XCConfigurationList;
			buildConfigurations = (
				BD7AC0461714E3FE00525971 /* Debug */,
				BD7AC0471714E3FE00525971 /* Release */,
			);
			defaultConfigurationIsVisible = 0;
			defaultConfigurationName = Release;
		};
		BD7AC0481714E3FE00525971 /* Build configuration list for PBXNativeTarget "TopPlaces" */ = {
			isa = XCConfigurationList;
			buildConfigurations = (
				BD7AC0491714E3FE00525971 /* Debug */,
				BD7AC04A1714E3FE00525971 /* Release */,
			);
			defaultConfigurationIsVisible = 0;
			defaultConfigurationName = Release;
		};
/* End XCConfigurationList section */
	};
	rootObject = BD7AC01D1714E3FE00525971 /* Project object */;
}
